// !$*UTF8*$!
{
	archiveVersion = 1;
	classes = {
	};
	objectVersion = 51;
	objects = {

/* Begin PBXBuildFile section */
		3967ACFB2370D09600A42316 /* NewPost.swift in Sources */ = {isa = PBXBuildFile; fileRef = 3967ACFA2370D09600A42316 /* NewPost.swift */; };
		8016BCE8AC345E886D96CDC4 /* Pods_PindexTests.framework in Frameworks */ = {isa = PBXBuildFile; fileRef = 2170F766E8029C30FBA55898 /* Pods_PindexTests.framework */; };
		8237739E8D3CBF9C07FDCEC1 /* Pods_Pindex.framework in Frameworks */ = {isa = PBXBuildFile; fileRef = 80F0335E00875F538CB473B5 /* Pods_Pindex.framework */; };
		9E0679F12355F43900B11DA8 /* GoogleService-Info.plist in Resources */ = {isa = PBXBuildFile; fileRef = 9E0679F02355F43900B11DA8 /* GoogleService-Info.plist */; };
		9E22968C236E17ED002B2786 /* BulletinBoardView.swift in Sources */ = {isa = PBXBuildFile; fileRef = 9E22968B236E17ED002B2786 /* BulletinBoardView.swift */; };
		9E22968E236F1204002B2786 /* Post.swift in Sources */ = {isa = PBXBuildFile; fileRef = 9E22968D236F1204002B2786 /* Post.swift */; };
		9E229690236F1451002B2786 /* PostView.swift in Sources */ = {isa = PBXBuildFile; fileRef = 9E22968F236F1451002B2786 /* PostView.swift */; };
		9E90EB9F2367C01F00F0E6DA /* MapView.swift in Sources */ = {isa = PBXBuildFile; fileRef = 9E90EB9E2367C01F00F0E6DA /* MapView.swift */; };
		B12BFD8A23414790006DDD8F /* AppDelegate.swift in Sources */ = {isa = PBXBuildFile; fileRef = B12BFD8923414790006DDD8F /* AppDelegate.swift */; };
		B12BFD8C23414790006DDD8F /* SceneDelegate.swift in Sources */ = {isa = PBXBuildFile; fileRef = B12BFD8B23414790006DDD8F /* SceneDelegate.swift */; };
		B12BFD8E23414790006DDD8F /* CreateAccountView.swift in Sources */ = {isa = PBXBuildFile; fileRef = B12BFD8D23414790006DDD8F /* CreateAccountView.swift */; };
		B12BFD9023414790006DDD8F /* Assets.xcassets in Resources */ = {isa = PBXBuildFile; fileRef = B12BFD8F23414790006DDD8F /* Assets.xcassets */; };
		B12BFD9323414790006DDD8F /* Preview Assets.xcassets in Resources */ = {isa = PBXBuildFile; fileRef = B12BFD9223414790006DDD8F /* Preview Assets.xcassets */; };
		B12BFD9623414790006DDD8F /* LaunchScreen.storyboard in Resources */ = {isa = PBXBuildFile; fileRef = B12BFD9423414790006DDD8F /* LaunchScreen.storyboard */; };
		B12BFDA123414790006DDD8F /* PindexTests.swift in Sources */ = {isa = PBXBuildFile; fileRef = B12BFDA023414790006DDD8F /* PindexTests.swift */; };
		B16AEA6C235A15A5000AE178 /* LoginView.swift in Sources */ = {isa = PBXBuildFile; fileRef = B16AEA6B235A15A5000AE178 /* LoginView.swift */; };
/* End PBXBuildFile section */

/* Begin PBXContainerItemProxy section */
		B12BFD9D23414790006DDD8F /* PBXContainerItemProxy */ = {
			isa = PBXContainerItemProxy;
			containerPortal = B12BFD7E2341478F006DDD8F /* Project object */;
			proxyType = 1;
			remoteGlobalIDString = B12BFD852341478F006DDD8F;
			remoteInfo = Pindex;
		};
/* End PBXContainerItemProxy section */

/* Begin PBXFileReference section */
		0400262299E2BE8394966C05 /* Pods-PindexTests.release.xcconfig */ = {isa = PBXFileReference; includeInIndex = 1; lastKnownFileType = text.xcconfig; name = "Pods-PindexTests.release.xcconfig"; path = "Target Support Files/Pods-PindexTests/Pods-PindexTests.release.xcconfig"; sourceTree = "<group>"; };
		1A13A931F9F789314962482A /* Pods-PindexTests.debug.xcconfig */ = {isa = PBXFileReference; includeInIndex = 1; lastKnownFileType = text.xcconfig; name = "Pods-PindexTests.debug.xcconfig"; path = "Pods/Target Support Files/Pods-PindexTests/Pods-PindexTests.debug.xcconfig"; sourceTree = "<group>"; };
		2170F766E8029C30FBA55898 /* Pods_PindexTests.framework */ = {isa = PBXFileReference; explicitFileType = wrapper.framework; includeInIndex = 0; path = Pods_PindexTests.framework; sourceTree = BUILT_PRODUCTS_DIR; };
		3967ACFA2370D09600A42316 /* NewPost.swift */ = {isa = PBXFileReference; lastKnownFileType = sourcecode.swift; path = NewPost.swift; sourceTree = "<group>"; };
		4A8838046B5DC462A9D8E7DF /* Pods-Pindex.release.xcconfig */ = {isa = PBXFileReference; includeInIndex = 1; lastKnownFileType = text.xcconfig; name = "Pods-Pindex.release.xcconfig"; path = "Target Support Files/Pods-Pindex/Pods-Pindex.release.xcconfig"; sourceTree = "<group>"; };
		4C2070671C447FFE288467FB /* Pods-Pindex.release.xcconfig */ = {isa = PBXFileReference; includeInIndex = 1; lastKnownFileType = text.xcconfig; name = "Pods-Pindex.release.xcconfig"; path = "Pods/Target Support Files/Pods-Pindex/Pods-Pindex.release.xcconfig"; sourceTree = "<group>"; };
		53A402096C5CCCC6AF1DDD46 /* Pods-PindexTests.release.xcconfig */ = {isa = PBXFileReference; includeInIndex = 1; lastKnownFileType = text.xcconfig; name = "Pods-PindexTests.release.xcconfig"; path = "Pods/Target Support Files/Pods-PindexTests/Pods-PindexTests.release.xcconfig"; sourceTree = "<group>"; };
		68E6DD197876D9E0044C9360 /* Pods-PindexTests.debug.xcconfig */ = {isa = PBXFileReference; includeInIndex = 1; lastKnownFileType = text.xcconfig; name = "Pods-PindexTests.debug.xcconfig"; path = "Target Support Files/Pods-PindexTests/Pods-PindexTests.debug.xcconfig"; sourceTree = "<group>"; };
		779567165C7DA33035E16CCE /* Pods-Pindex.debug.xcconfig */ = {isa = PBXFileReference; includeInIndex = 1; lastKnownFileType = text.xcconfig; name = "Pods-Pindex.debug.xcconfig"; path = "Target Support Files/Pods-Pindex/Pods-Pindex.debug.xcconfig"; sourceTree = "<group>"; };
		80F0335E00875F538CB473B5 /* Pods_Pindex.framework */ = {isa = PBXFileReference; explicitFileType = wrapper.framework; includeInIndex = 0; path = Pods_Pindex.framework; sourceTree = BUILT_PRODUCTS_DIR; };
		9677032B29A35083D1629F3D /* Pods-Pindex.debug.xcconfig */ = {isa = PBXFileReference; includeInIndex = 1; lastKnownFileType = text.xcconfig; name = "Pods-Pindex.debug.xcconfig"; path = "Pods/Target Support Files/Pods-Pindex/Pods-Pindex.debug.xcconfig"; sourceTree = "<group>"; };
		9E0679F02355F43900B11DA8 /* GoogleService-Info.plist */ = {isa = PBXFileReference; fileEncoding = 4; lastKnownFileType = text.plist.xml; path = "GoogleService-Info.plist"; sourceTree = "<group>"; };
		9E22968B236E17ED002B2786 /* BulletinBoardView.swift */ = {isa = PBXFileReference; lastKnownFileType = sourcecode.swift; path = BulletinBoardView.swift; sourceTree = "<group>"; };
		9E22968D236F1204002B2786 /* Post.swift */ = {isa = PBXFileReference; lastKnownFileType = sourcecode.swift; path = Post.swift; sourceTree = "<group>"; };
		9E22968F236F1451002B2786 /* PostView.swift */ = {isa = PBXFileReference; lastKnownFileType = sourcecode.swift; path = PostView.swift; sourceTree = "<group>"; };
		9E90EB9E2367C01F00F0E6DA /* MapView.swift */ = {isa = PBXFileReference; lastKnownFileType = sourcecode.swift; path = MapView.swift; sourceTree = SOURCE_ROOT; };
		B12BFD862341478F006DDD8F /* Pindex.app */ = {isa = PBXFileReference; explicitFileType = wrapper.application; includeInIndex = 0; path = Pindex.app; sourceTree = BUILT_PRODUCTS_DIR; };
		B12BFD8923414790006DDD8F /* AppDelegate.swift */ = {isa = PBXFileReference; lastKnownFileType = sourcecode.swift; path = AppDelegate.swift; sourceTree = "<group>"; };
		B12BFD8B23414790006DDD8F /* SceneDelegate.swift */ = {isa = PBXFileReference; lastKnownFileType = sourcecode.swift; path = SceneDelegate.swift; sourceTree = "<group>"; };
		B12BFD8D23414790006DDD8F /* CreateAccountView.swift */ = {isa = PBXFileReference; lastKnownFileType = sourcecode.swift; path = CreateAccountView.swift; sourceTree = "<group>"; };
		B12BFD8F23414790006DDD8F /* Assets.xcassets */ = {isa = PBXFileReference; lastKnownFileType = folder.assetcatalog; path = Assets.xcassets; sourceTree = "<group>"; };
		B12BFD9223414790006DDD8F /* Preview Assets.xcassets */ = {isa = PBXFileReference; lastKnownFileType = folder.assetcatalog; path = "Preview Assets.xcassets"; sourceTree = "<group>"; };
		B12BFD9523414790006DDD8F /* Base */ = {isa = PBXFileReference; lastKnownFileType = file.storyboard; name = Base; path = Base.lproj/LaunchScreen.storyboard; sourceTree = "<group>"; };
		B12BFD9723414790006DDD8F /* Info.plist */ = {isa = PBXFileReference; lastKnownFileType = text.plist.xml; path = Info.plist; sourceTree = "<group>"; };
		B12BFD9C23414790006DDD8F /* PindexTests.xctest */ = {isa = PBXFileReference; explicitFileType = wrapper.cfbundle; includeInIndex = 0; path = PindexTests.xctest; sourceTree = BUILT_PRODUCTS_DIR; };
		B12BFDA023414790006DDD8F /* PindexTests.swift */ = {isa = PBXFileReference; lastKnownFileType = sourcecode.swift; path = PindexTests.swift; sourceTree = "<group>"; };
		B12BFDA223414790006DDD8F /* Info.plist */ = {isa = PBXFileReference; lastKnownFileType = text.plist.xml; path = Info.plist; sourceTree = "<group>"; };
		B16AEA6B235A15A5000AE178 /* LoginView.swift */ = {isa = PBXFileReference; lastKnownFileType = sourcecode.swift; path = LoginView.swift; sourceTree = "<group>"; };
/* End PBXFileReference section */

/* Begin PBXFrameworksBuildPhase section */
		B12BFD832341478F006DDD8F /* Frameworks */ = {
			isa = PBXFrameworksBuildPhase;
			buildActionMask = 2147483647;
			files = (
				8237739E8D3CBF9C07FDCEC1 /* Pods_Pindex.framework in Frameworks */,
			);
			runOnlyForDeploymentPostprocessing = 0;
		};
		B12BFD9923414790006DDD8F /* Frameworks */ = {
			isa = PBXFrameworksBuildPhase;
			buildActionMask = 2147483647;
			files = (
				8016BCE8AC345E886D96CDC4 /* Pods_PindexTests.framework in Frameworks */,
			);
			runOnlyForDeploymentPostprocessing = 0;
		};
/* End PBXFrameworksBuildPhase section */

/* Begin PBXGroup section */
		6C359BE30D7B16A9A1714835 /* Pods */ = {
			isa = PBXGroup;
			children = (
				779567165C7DA33035E16CCE /* Pods-Pindex.debug.xcconfig */,
				4A8838046B5DC462A9D8E7DF /* Pods-Pindex.release.xcconfig */,
				68E6DD197876D9E0044C9360 /* Pods-PindexTests.debug.xcconfig */,
				0400262299E2BE8394966C05 /* Pods-PindexTests.release.xcconfig */,
				9677032B29A35083D1629F3D /* Pods-Pindex.debug.xcconfig */,
				4C2070671C447FFE288467FB /* Pods-Pindex.release.xcconfig */,
				1A13A931F9F789314962482A /* Pods-PindexTests.debug.xcconfig */,
				53A402096C5CCCC6AF1DDD46 /* Pods-PindexTests.release.xcconfig */,
			);
			path = Pods;
			sourceTree = "<group>";
		};
		B12BFD7D2341478F006DDD8F = {
			isa = PBXGroup;
			children = (
				B12BFD882341478F006DDD8F /* Pindex */,
				B12BFD9F23414790006DDD8F /* PindexTests */,
				B12BFD872341478F006DDD8F /* Products */,
				6C359BE30D7B16A9A1714835 /* Pods */,
				B2D945026827D2AE74C91398 /* Frameworks */,
			);
			sourceTree = "<group>";
		};
		B12BFD872341478F006DDD8F /* Products */ = {
			isa = PBXGroup;
			children = (
				B12BFD862341478F006DDD8F /* Pindex.app */,
				B12BFD9C23414790006DDD8F /* PindexTests.xctest */,
			);
			name = Products;
			sourceTree = "<group>";
		};
		B12BFD882341478F006DDD8F /* Pindex */ = {
			isa = PBXGroup;
			children = (
				B12BFD8923414790006DDD8F /* AppDelegate.swift */,
				B12BFD8B23414790006DDD8F /* SceneDelegate.swift */,
				B12BFD8D23414790006DDD8F /* CreateAccountView.swift */,
				B16AEA6B235A15A5000AE178 /* LoginView.swift */,
				9E90EB9E2367C01F00F0E6DA /* MapView.swift */,
				9E22968B236E17ED002B2786 /* BulletinBoardView.swift */,
				9E22968F236F1451002B2786 /* PostView.swift */,
				3967ACFA2370D09600A42316 /* NewPost.swift */,
				9E22968D236F1204002B2786 /* Post.swift */,
				B12BFD8F23414790006DDD8F /* Assets.xcassets */,
				B12BFD9423414790006DDD8F /* LaunchScreen.storyboard */,
				B12BFD9723414790006DDD8F /* Info.plist */,
				9E0679F02355F43900B11DA8 /* GoogleService-Info.plist */,
				B12BFD9123414790006DDD8F /* Preview Content */,
			);
			path = Pindex;
			sourceTree = "<group>";
		};
		B12BFD9123414790006DDD8F /* Preview Content */ = {
			isa = PBXGroup;
			children = (
				B12BFD9223414790006DDD8F /* Preview Assets.xcassets */,
			);
			path = "Preview Content";
			sourceTree = "<group>";
		};
		B12BFD9F23414790006DDD8F /* PindexTests */ = {
			isa = PBXGroup;
			children = (
				B12BFDA023414790006DDD8F /* PindexTests.swift */,
				B12BFDA223414790006DDD8F /* Info.plist */,
			);
			path = PindexTests;
			sourceTree = "<group>";
		};
		B2D945026827D2AE74C91398 /* Frameworks */ = {
			isa = PBXGroup;
			children = (
				80F0335E00875F538CB473B5 /* Pods_Pindex.framework */,
				2170F766E8029C30FBA55898 /* Pods_PindexTests.framework */,
			);
			name = Frameworks;
			sourceTree = "<group>";
		};
/* End PBXGroup section */

/* Begin PBXNativeTarget section */
		B12BFD852341478F006DDD8F /* Pindex */ = {
			isa = PBXNativeTarget;
			buildConfigurationList = B12BFDA523414790006DDD8F /* Build configuration list for PBXNativeTarget "Pindex" */;
			buildPhases = (
				42682E6803D413D24C6A0F2F /* [CP] Check Pods Manifest.lock */,
				B12BFD822341478F006DDD8F /* Sources */,
				B12BFD832341478F006DDD8F /* Frameworks */,
				B12BFD842341478F006DDD8F /* Resources */,
				5EF69E0AF996033193AFCABF /* [CP] Embed Pods Frameworks */,
			);
			buildRules = (
			);
			dependencies = (
			);
			name = Pindex;
			productName = Pindex;
			productReference = B12BFD862341478F006DDD8F /* Pindex.app */;
			productType = "com.apple.product-type.application";
		};
		B12BFD9B23414790006DDD8F /* PindexTests */ = {
			isa = PBXNativeTarget;
			buildConfigurationList = B12BFDA823414790006DDD8F /* Build configuration list for PBXNativeTarget "PindexTests" */;
			buildPhases = (
				DEAAC9F6608785FDA91A85FC /* [CP] Check Pods Manifest.lock */,
				B12BFD9823414790006DDD8F /* Sources */,
				B12BFD9923414790006DDD8F /* Frameworks */,
				B12BFD9A23414790006DDD8F /* Resources */,
				514CE68FEBB4F0E784E21378 /* [CP] Embed Pods Frameworks */,
			);
			buildRules = (
			);
			dependencies = (
				B12BFD9E23414790006DDD8F /* PBXTargetDependency */,
			);
			name = PindexTests;
			productName = PindexTests;
			productReference = B12BFD9C23414790006DDD8F /* PindexTests.xctest */;
			productType = "com.apple.product-type.bundle.unit-test";
		};
/* End PBXNativeTarget section */

/* Begin PBXProject section */
		B12BFD7E2341478F006DDD8F /* Project object */ = {
			isa = PBXProject;
			attributes = {
				LastSwiftUpdateCheck = 1100;
				LastUpgradeCheck = 1100;
				ORGANIZATIONNAME = Yeet;
				TargetAttributes = {
					B12BFD852341478F006DDD8F = {
						CreatedOnToolsVersion = 11.0;
					};
					B12BFD9B23414790006DDD8F = {
						CreatedOnToolsVersion = 11.0;
						TestTargetID = B12BFD852341478F006DDD8F;
					};
				};
			};
			buildConfigurationList = B12BFD812341478F006DDD8F /* Build configuration list for PBXProject "Pindex" */;
			compatibilityVersion = "Xcode 9.3";
			developmentRegion = en;
			hasScannedForEncodings = 0;
			knownRegions = (
				en,
				Base,
			);
			mainGroup = B12BFD7D2341478F006DDD8F;
			productRefGroup = B12BFD872341478F006DDD8F /* Products */;
			projectDirPath = "";
			projectRoot = "";
			targets = (
				B12BFD852341478F006DDD8F /* Pindex */,
				B12BFD9B23414790006DDD8F /* PindexTests */,
			);
		};
/* End PBXProject section */

/* Begin PBXResourcesBuildPhase section */
		B12BFD842341478F006DDD8F /* Resources */ = {
			isa = PBXResourcesBuildPhase;
			buildActionMask = 2147483647;
			files = (
				B12BFD9623414790006DDD8F /* LaunchScreen.storyboard in Resources */,
				9E0679F12355F43900B11DA8 /* GoogleService-Info.plist in Resources */,
				B12BFD9323414790006DDD8F /* Preview Assets.xcassets in Resources */,
				B12BFD9023414790006DDD8F /* Assets.xcassets in Resources */,
			);
			runOnlyForDeploymentPostprocessing = 0;
		};
		B12BFD9A23414790006DDD8F /* Resources */ = {
			isa = PBXResourcesBuildPhase;
			buildActionMask = 2147483647;
			files = (
			);
			runOnlyForDeploymentPostprocessing = 0;
		};
/* End PBXResourcesBuildPhase section */

/* Begin PBXShellScriptBuildPhase section */
		42682E6803D413D24C6A0F2F /* [CP] Check Pods Manifest.lock */ = {
			isa = PBXShellScriptBuildPhase;
			buildActionMask = 2147483647;
			files = (
			);
			inputPaths = (
				"${PODS_PODFILE_DIR_PATH}/Podfile.lock",
				"${PODS_ROOT}/Manifest.lock",
			);
			name = "[CP] Check Pods Manifest.lock";
			outputPaths = (
				"$(DERIVED_FILE_DIR)/Pods-Pindex-checkManifestLockResult.txt",
			);
			runOnlyForDeploymentPostprocessing = 0;
			shellPath = /bin/sh;
			shellScript = "diff \"${PODS_PODFILE_DIR_PATH}/Podfile.lock\" \"${PODS_ROOT}/Manifest.lock\" > /dev/null\nif [ $? != 0 ] ; then\n    # print error to STDERR\n    echo \"error: The sandbox is not in sync with the Podfile.lock. Run 'pod install' or update your CocoaPods installation.\" >&2\n    exit 1\nfi\n# This output is used by Xcode 'outputs' to avoid re-running this script phase.\necho \"SUCCESS\" > \"${SCRIPT_OUTPUT_FILE_0}\"\n";
			showEnvVarsInLog = 0;
		};
		514CE68FEBB4F0E784E21378 /* [CP] Embed Pods Frameworks */ = {
			isa = PBXShellScriptBuildPhase;
			buildActionMask = 2147483647;
			files = (
			);
			inputFileListPaths = (
				"${PODS_ROOT}/Target Support Files/Pods-PindexTests/Pods-PindexTests-frameworks-${CONFIGURATION}-input-files.xcfilelist",
			);
			name = "[CP] Embed Pods Frameworks";
			outputFileListPaths = (
				"${PODS_ROOT}/Target Support Files/Pods-PindexTests/Pods-PindexTests-frameworks-${CONFIGURATION}-output-files.xcfilelist",
			);
			runOnlyForDeploymentPostprocessing = 0;
			shellPath = /bin/sh;
			shellScript = "\"${PODS_ROOT}/Target Support Files/Pods-PindexTests/Pods-PindexTests-frameworks.sh\"\n";
			showEnvVarsInLog = 0;
		};
		5EF69E0AF996033193AFCABF /* [CP] Embed Pods Frameworks */ = {
			isa = PBXShellScriptBuildPhase;
			buildActionMask = 2147483647;
			files = (
			);
			inputFileListPaths = (
				"${PODS_ROOT}/Target Support Files/Pods-Pindex/Pods-Pindex-frameworks-${CONFIGURATION}-input-files.xcfilelist",
			);
			name = "[CP] Embed Pods Frameworks";
			outputFileListPaths = (
				"${PODS_ROOT}/Target Support Files/Pods-Pindex/Pods-Pindex-frameworks-${CONFIGURATION}-output-files.xcfilelist",
			);
			runOnlyForDeploymentPostprocessing = 0;
			shellPath = /bin/sh;
			shellScript = "\"${PODS_ROOT}/Target Support Files/Pods-Pindex/Pods-Pindex-frameworks.sh\"\n";
			showEnvVarsInLog = 0;
		};
		DEAAC9F6608785FDA91A85FC /* [CP] Check Pods Manifest.lock */ = {
			isa = PBXShellScriptBuildPhase;
			buildActionMask = 2147483647;
			files = (
			);
			inputPaths = (
				"${PODS_PODFILE_DIR_PATH}/Podfile.lock",
				"${PODS_ROOT}/Manifest.lock",
			);
			name = "[CP] Check Pods Manifest.lock";
			outputPaths = (
				"$(DERIVED_FILE_DIR)/Pods-PindexTests-checkManifestLockResult.txt",
			);
			runOnlyForDeploymentPostprocessing = 0;
			shellPath = /bin/sh;
			shellScript = "diff \"${PODS_PODFILE_DIR_PATH}/Podfile.lock\" \"${PODS_ROOT}/Manifest.lock\" > /dev/null\nif [ $? != 0 ] ; then\n    # print error to STDERR\n    echo \"error: The sandbox is not in sync with the Podfile.lock. Run 'pod install' or update your CocoaPods installation.\" >&2\n    exit 1\nfi\n# This output is used by Xcode 'outputs' to avoid re-running this script phase.\necho \"SUCCESS\" > \"${SCRIPT_OUTPUT_FILE_0}\"\n";
			showEnvVarsInLog = 0;
		};
/* End PBXShellScriptBuildPhase section */

/* Begin PBXSourcesBuildPhase section */
		B12BFD822341478F006DDD8F /* Sources */ = {
			isa = PBXSourcesBuildPhase;
			buildActionMask = 2147483647;
			files = (
				B12BFD8A23414790006DDD8F /* AppDelegate.swift in Sources */,
				B12BFD8C23414790006DDD8F /* SceneDelegate.swift in Sources */,
				9E229690236F1451002B2786 /* PostView.swift in Sources */,
				9E22968C236E17ED002B2786 /* BulletinBoardView.swift in Sources */,
				B16AEA6C235A15A5000AE178 /* LoginView.swift in Sources */,
				9E90EB9F2367C01F00F0E6DA /* MapView.swift in Sources */,
				9E22968E236F1204002B2786 /* Post.swift in Sources */,
				3967ACFB2370D09600A42316 /* NewPost.swift in Sources */,
				B12BFD8E23414790006DDD8F /* CreateAccountView.swift in Sources */,
			);
			runOnlyForDeploymentPostprocessing = 0;
		};
		B12BFD9823414790006DDD8F /* Sources */ = {
			isa = PBXSourcesBuildPhase;
			buildActionMask = 2147483647;
			files = (
				B12BFDA123414790006DDD8F /* PindexTests.swift in Sources */,
			);
			runOnlyForDeploymentPostprocessing = 0;
		};
/* End PBXSourcesBuildPhase section */

/* Begin PBXTargetDependency section */
		B12BFD9E23414790006DDD8F /* PBXTargetDependency */ = {
			isa = PBXTargetDependency;
			target = B12BFD852341478F006DDD8F /* Pindex */;
			targetProxy = B12BFD9D23414790006DDD8F /* PBXContainerItemProxy */;
		};
/* End PBXTargetDependency section */

/* Begin PBXVariantGroup section */
		B12BFD9423414790006DDD8F /* LaunchScreen.storyboard */ = {
			isa = PBXVariantGroup;
			children = (
				B12BFD9523414790006DDD8F /* Base */,
			);
			name = LaunchScreen.storyboard;
			sourceTree = "<group>";
		};
/* End PBXVariantGroup section */

/* Begin XCBuildConfiguration section */
		B12BFDA323414790006DDD8F /* Debug */ = {
			isa = XCBuildConfiguration;
			buildSettings = {
				ALWAYS_SEARCH_USER_PATHS = NO;
				CLANG_ANALYZER_NONNULL = YES;
				CLANG_ANALYZER_NUMBER_OBJECT_CONVERSION = YES_AGGRESSIVE;
				CLANG_CXX_LANGUAGE_STANDARD = "gnu++14";
				CLANG_CXX_LIBRARY = "libc++";
				CLANG_ENABLE_MODULES = YES;
				CLANG_ENABLE_OBJC_ARC = YES;
				CLANG_ENABLE_OBJC_WEAK = YES;
				CLANG_WARN_BLOCK_CAPTURE_AUTORELEASING = YES;
				CLANG_WARN_BOOL_CONVERSION = YES;
				CLANG_WARN_COMMA = YES;
				CLANG_WARN_CONSTANT_CONVERSION = YES;
				CLANG_WARN_DEPRECATED_OBJC_IMPLEMENTATIONS = YES;
				CLANG_WARN_DIRECT_OBJC_ISA_USAGE = YES_ERROR;
				CLANG_WARN_DOCUMENTATION_COMMENTS = YES;
				CLANG_WARN_EMPTY_BODY = YES;
				CLANG_WARN_ENUM_CONVERSION = YES;
				CLANG_WARN_INFINITE_RECURSION = YES;
				CLANG_WARN_INT_CONVERSION = YES;
				CLANG_WARN_NON_LITERAL_NULL_CONVERSION = YES;
				CLANG_WARN_OBJC_IMPLICIT_RETAIN_SELF = YES;
				CLANG_WARN_OBJC_LITERAL_CONVERSION = YES;
				CLANG_WARN_OBJC_ROOT_CLASS = YES_ERROR;
				CLANG_WARN_RANGE_LOOP_ANALYSIS = YES;
				CLANG_WARN_STRICT_PROTOTYPES = YES;
				CLANG_WARN_SUSPICIOUS_MOVE = YES;
				CLANG_WARN_UNGUARDED_AVAILABILITY = YES_AGGRESSIVE;
				CLANG_WARN_UNREACHABLE_CODE = YES;
				CLANG_WARN__DUPLICATE_METHOD_MATCH = YES;
				COPY_PHASE_STRIP = NO;
				DEBUG_INFORMATION_FORMAT = dwarf;
				ENABLE_STRICT_OBJC_MSGSEND = YES;
				ENABLE_TESTABILITY = YES;
				GCC_C_LANGUAGE_STANDARD = gnu11;
				GCC_DYNAMIC_NO_PIC = NO;
				GCC_NO_COMMON_BLOCKS = YES;
				GCC_OPTIMIZATION_LEVEL = 0;
				GCC_PREPROCESSOR_DEFINITIONS = (
					"DEBUG=1",
					"$(inherited)",
				);
				GCC_WARN_64_TO_32_BIT_CONVERSION = YES;
				GCC_WARN_ABOUT_RETURN_TYPE = YES_ERROR;
				GCC_WARN_UNDECLARED_SELECTOR = YES;
				GCC_WARN_UNINITIALIZED_AUTOS = YES_AGGRESSIVE;
				GCC_WARN_UNUSED_FUNCTION = YES;
				GCC_WARN_UNUSED_VARIABLE = YES;
				IPHONEOS_DEPLOYMENT_TARGET = 13.0;
				MTL_ENABLE_DEBUG_INFO = INCLUDE_SOURCE;
				MTL_FAST_MATH = YES;
				ONLY_ACTIVE_ARCH = YES;
				SDKROOT = iphoneos;
				SWIFT_ACTIVE_COMPILATION_CONDITIONS = DEBUG;
				SWIFT_OPTIMIZATION_LEVEL = "-Onone";
			};
			name = Debug;
		};
		B12BFDA423414790006DDD8F /* Release */ = {
			isa = XCBuildConfiguration;
			buildSettings = {
				ALWAYS_SEARCH_USER_PATHS = NO;
				CLANG_ANALYZER_NONNULL = YES;
				CLANG_ANALYZER_NUMBER_OBJECT_CONVERSION = YES_AGGRESSIVE;
				CLANG_CXX_LANGUAGE_STANDARD = "gnu++14";
				CLANG_CXX_LIBRARY = "libc++";
				CLANG_ENABLE_MODULES = YES;
				CLANG_ENABLE_OBJC_ARC = YES;
				CLANG_ENABLE_OBJC_WEAK = YES;
				CLANG_WARN_BLOCK_CAPTURE_AUTORELEASING = YES;
				CLANG_WARN_BOOL_CONVERSION = YES;
				CLANG_WARN_COMMA = YES;
				CLANG_WARN_CONSTANT_CONVERSION = YES;
				CLANG_WARN_DEPRECATED_OBJC_IMPLEMENTATIONS = YES;
				CLANG_WARN_DIRECT_OBJC_ISA_USAGE = YES_ERROR;
				CLANG_WARN_DOCUMENTATION_COMMENTS = YES;
				CLANG_WARN_EMPTY_BODY = YES;
				CLANG_WARN_ENUM_CONVERSION = YES;
				CLANG_WARN_INFINITE_RECURSION = YES;
				CLANG_WARN_INT_CONVERSION = YES;
				CLANG_WARN_NON_LITERAL_NULL_CONVERSION = YES;
				CLANG_WARN_OBJC_IMPLICIT_RETAIN_SELF = YES;
				CLANG_WARN_OBJC_LITERAL_CONVERSION = YES;
				CLANG_WARN_OBJC_ROOT_CLASS = YES_ERROR;
				CLANG_WARN_RANGE_LOOP_ANALYSIS = YES;
				CLANG_WARN_STRICT_PROTOTYPES = YES;
				CLANG_WARN_SUSPICIOUS_MOVE = YES;
				CLANG_WARN_UNGUARDED_AVAILABILITY = YES_AGGRESSIVE;
				CLANG_WARN_UNREACHABLE_CODE = YES;
				CLANG_WARN__DUPLICATE_METHOD_MATCH = YES;
				COPY_PHASE_STRIP = NO;
				DEBUG_INFORMATION_FORMAT = "dwarf-with-dsym";
				ENABLE_NS_ASSERTIONS = NO;
				ENABLE_STRICT_OBJC_MSGSEND = YES;
				GCC_C_LANGUAGE_STANDARD = gnu11;
				GCC_NO_COMMON_BLOCKS = YES;
				GCC_WARN_64_TO_32_BIT_CONVERSION = YES;
				GCC_WARN_ABOUT_RETURN_TYPE = YES_ERROR;
				GCC_WARN_UNDECLARED_SELECTOR = YES;
				GCC_WARN_UNINITIALIZED_AUTOS = YES_AGGRESSIVE;
				GCC_WARN_UNUSED_FUNCTION = YES;
				GCC_WARN_UNUSED_VARIABLE = YES;
				IPHONEOS_DEPLOYMENT_TARGET = 13.0;
				MTL_ENABLE_DEBUG_INFO = NO;
				MTL_FAST_MATH = YES;
				SDKROOT = iphoneos;
				SWIFT_COMPILATION_MODE = wholemodule;
				SWIFT_OPTIMIZATION_LEVEL = "-O";
				VALIDATE_PRODUCT = YES;
			};
			name = Release;
		};
		B12BFDA623414790006DDD8F /* Debug */ = {
			isa = XCBuildConfiguration;
			baseConfigurationReference = 779567165C7DA33035E16CCE /* Pods-Pindex.debug.xcconfig */;
			buildSettings = {
				ASSETCATALOG_COMPILER_APPICON_NAME = AppIcon;
				CODE_SIGN_STYLE = Automatic;
				DEVELOPMENT_ASSET_PATHS = "\"Pindex/Preview Content\"";
				DEVELOPMENT_TEAM = WDXU5B9YEY;
				ENABLE_PREVIEWS = YES;
				INFOPLIST_FILE = Pindex/Info.plist;
				LD_RUNPATH_SEARCH_PATHS = (
					"$(inherited)",
					"@executable_path/Frameworks",
				);
				PRODUCT_BUNDLE_IDENTIFIER = com.Pindex;
				PRODUCT_NAME = Pindex;
				SWIFT_VERSION = 5.0;
				TARGETED_DEVICE_FAMILY = "1,2";
			};
			name = Debug;
		};
		B12BFDA723414790006DDD8F /* Release */ = {
			isa = XCBuildConfiguration;
			baseConfigurationReference = 4A8838046B5DC462A9D8E7DF /* Pods-Pindex.release.xcconfig */;
			buildSettings = {
				ASSETCATALOG_COMPILER_APPICON_NAME = AppIcon;
				CODE_SIGN_STYLE = Automatic;
				DEVELOPMENT_ASSET_PATHS = "\"Pindex/Preview Content\"";
				DEVELOPMENT_TEAM = WDXU5B9YEY;
				ENABLE_PREVIEWS = YES;
				INFOPLIST_FILE = Pindex/Info.plist;
				LD_RUNPATH_SEARCH_PATHS = (
					"$(inherited)",
					"@executable_path/Frameworks",
				);
				PRODUCT_BUNDLE_IDENTIFIER = com.Pindex;
				PRODUCT_NAME = Pindex;
				SWIFT_VERSION = 5.0;
				TARGETED_DEVICE_FAMILY = "1,2";
			};
			name = Release;
		};
		B12BFDA923414790006DDD8F /* Debug */ = {
			isa = XCBuildConfiguration;
			baseConfigurationReference = 68E6DD197876D9E0044C9360 /* Pods-PindexTests.debug.xcconfig */;
			buildSettings = {
				ALWAYS_EMBED_SWIFT_STANDARD_LIBRARIES = YES;
				BUNDLE_LOADER = "$(TEST_HOST)";
				CODE_SIGN_STYLE = Automatic;
				DEVELOPMENT_TEAM = 926M7RSC5U;
				INFOPLIST_FILE = PindexTests/Info.plist;
				IPHONEOS_DEPLOYMENT_TARGET = 13.0;
				LD_RUNPATH_SEARCH_PATHS = (
					"$(inherited)",
					"@executable_path/Frameworks",
					"@loader_path/Frameworks",
				);
				PRODUCT_BUNDLE_IDENTIFIER = com.PindexTests;
				PRODUCT_NAME = "$(TARGET_NAME)";
				SWIFT_VERSION = 5.0;
				TARGETED_DEVICE_FAMILY = "1,2";
				TEST_HOST = "$(BUILT_PRODUCTS_DIR)/Pindex.app/Pindex";
			};
			name = Debug;
		};
		B12BFDAA23414790006DDD8F /* Release */ = {
			isa = XCBuildConfiguration;
			baseConfigurationReference = 0400262299E2BE8394966C05 /* Pods-PindexTests.release.xcconfig */;
			buildSettings = {
				ALWAYS_EMBED_SWIFT_STANDARD_LIBRARIES = YES;
				BUNDLE_LOADER = "$(TEST_HOST)";
				CODE_SIGN_STYLE = Automatic;
				DEVELOPMENT_TEAM = 926M7RSC5U;
				INFOPLIST_FILE = PindexTests/Info.plist;
				IPHONEOS_DEPLOYMENT_TARGET = 13.0;
				LD_RUNPATH_SEARCH_PATHS = (
					"$(inherited)",
					"@executable_path/Frameworks",
					"@loader_path/Frameworks",
				);
				PRODUCT_BUNDLE_IDENTIFIER = com.PindexTests;
				PRODUCT_NAME = "$(TARGET_NAME)";
				SWIFT_VERSION = 5.0;
				TARGETED_DEVICE_FAMILY = "1,2";
				TEST_HOST = "$(BUILT_PRODUCTS_DIR)/Pindex.app/Pindex";
			};
			name = Release;
		};
/* End XCBuildConfiguration section */

/* Begin XCConfigurationList section */
		B12BFD812341478F006DDD8F /* Build configuration list for PBXProject "Pindex" */ = {
			isa = XCConfigurationList;
			buildConfigurations = (
				B12BFDA323414790006DDD8F /* Debug */,
				B12BFDA423414790006DDD8F /* Release */,
			);
			defaultConfigurationIsVisible = 0;
			defaultConfigurationName = Release;
		};
		B12BFDA523414790006DDD8F /* Build configuration list for PBXNativeTarget "Pindex" */ = {
			isa = XCConfigurationList;
			buildConfigurations = (
				B12BFDA623414790006DDD8F /* Debug */,
				B12BFDA723414790006DDD8F /* Release */,
			);
			defaultConfigurationIsVisible = 0;
			defaultConfigurationName = Release;
		};
		B12BFDA823414790006DDD8F /* Build configuration list for PBXNativeTarget "PindexTests" */ = {
			isa = XCConfigurationList;
			buildConfigurations = (
				B12BFDA923414790006DDD8F /* Debug */,
				B12BFDAA23414790006DDD8F /* Release */,
			);
			defaultConfigurationIsVisible = 0;
			defaultConfigurationName = Release;
		};
/* End XCConfigurationList section */
	};
	rootObject = B12BFD7E2341478F006DDD8F /* Project object */;
}
